
Microsoft Visual Studio Solution File, Format Version 12.00
# Visual Studio 15
VisualStudioVersion = 15.0.27130.2027
MinimumVisualStudioVersion = 10.0.40219.1
Project("{FAE04EC0-301F-11D3-BF4B-00C04F79EFBC}") = "CollaborationStateService", "CollaborationStateService\CollaborationStateService.csproj", "{55A2B10A-BB0B-4C0D-A178-A75A5B37D1A2}"
EndProject
Global
	GlobalSection(SolutionConfigurationPlatforms) = preSolution
		Debug|Any CPU = Debug|Any CPU
		Release|Any CPU = Release|Any CPU
	EndGlobalSection
	GlobalSection(ProjectConfigurationPlatforms) = postSolution
		{55A2B10A-BB0B-4C0D-A178-A75A5B37D1A2}.Debug|Any CPU.ActiveCfg = Debug|Any CPU
		{55A2B10A-BB0B-4C0D-A178-A75A5B37D1A2}.Debug|Any CPU.Build.0 = Debug|Any CPU
		{55A2B10A-BB0B-4C0D-A178-A75A5B37D1A2}.Release|Any CPU.ActiveCfg = Release|Any CPU
		{55A2B10A-BB0B-4C0D-A178-A75A5B37D1A2}.Release|Any CPU.Build.0 = Release|Any CPU
	EndGlobalSection
	GlobalSection(SolutionProperties) = preSolution
		HideSolutionNode = FALSE
	EndGlobalSection
	GlobalSection(ExtensibilityGlobals) = postSolution
		SolutionGuid = {BD5CEB2D-28B2-4E69-AC2C-3127F1579414}
	EndGlobalSection
EndGlobal
